
Microsoft Visual Studio Solution File, Format Version 12.00
# Visual Studio Version 17
VisualStudioVersion = 17.9.34607.119
MinimumVisualStudioVersion = 10.0.40219.1
Project("{9A19103F-16F7-4668-BE54-9A1E7A4F7556}") = "ConsoleUI", "ConsoleUI\ConsoleUI.csproj", "{EEBC0C68-560B-4985-90B4-FFBF06BF06D8}"
EndProject
Project("{9A19103F-16F7-4668-BE54-9A1E7A4F7556}") = "Entities", "Entities\Entities.csproj", "{32DED983-A939-41A4-82A9-E20ABDB2A6D9}"
EndProject
Project("{9A19103F-16F7-4668-BE54-9A1E7A4F7556}") = "DataAccess", "DataAccess\DataAccess.csproj", "{314633A8-9B82-4328-9FFE-DCE677AAB538}"
EndProject
Project("{9A19103F-16F7-4668-BE54-9A1E7A4F7556}") = "Business", "Businnes\Business.csproj", "{2542F241-58AC-401D-AA41-7AF06FEE4AA0}"
EndProject
Project("{FAE04EC0-301F-11D3-BF4B-00C04F79EFBC}") = "Core", "Core\Core.csproj", "{05CFD4A5-AFE3-474C-A9B4-27BC45AF9943}"
EndProject
Global
	GlobalSection(SolutionConfigurationPlatforms) = preSolution
		Debug|Any CPU = Debug|Any CPU
		Release|Any CPU = Release|Any CPU
	EndGlobalSection
	GlobalSection(ProjectConfigurationPlatforms) = postSolution
		{EEBC0C68-560B-4985-90B4-FFBF06BF06D8}.Debug|Any CPU.ActiveCfg = Debug|Any CPU
		{EEBC0C68-560B-4985-90B4-FFBF06BF06D8}.Debug|Any CPU.Build.0 = Debug|Any CPU
		{EEBC0C68-560B-4985-90B4-FFBF06BF06D8}.Release|Any CPU.ActiveCfg = Release|Any CPU
		{EEBC0C68-560B-4985-90B4-FFBF06BF06D8}.Release|Any CPU.Build.0 = Release|Any CPU
		{32DED983-A939-41A4-82A9-E20ABDB2A6D9}.Debug|Any CPU.ActiveCfg = Debug|Any CPU
		{32DED983-A939-41A4-82A9-E20ABDB2A6D9}.Debug|Any CPU.Build.0 = Debug|Any CPU
		{32DED983-A939-41A4-82A9-E20ABDB2A6D9}.Release|Any CPU.ActiveCfg = Release|Any CPU
		{32DED983-A939-41A4-82A9-E20ABDB2A6D9}.Release|Any CPU.Build.0 = Release|Any CPU
		{314633A8-9B82-4328-9FFE-DCE677AAB538}.Debug|Any CPU.ActiveCfg = Debug|Any CPU
		{314633A8-9B82-4328-9FFE-DCE677AAB538}.Debug|Any CPU.Build.0 = Debug|Any CPU
		{314633A8-9B82-4328-9FFE-DCE677AAB538}.Release|Any CPU.ActiveCfg = Release|Any CPU
		{314633A8-9B82-4328-9FFE-DCE677AAB538}.Release|Any CPU.Build.0 = Release|Any CPU
		{2542F241-58AC-401D-AA41-7AF06FEE4AA0}.Debug|Any CPU.ActiveCfg = Debug|Any CPU
		{2542F241-58AC-401D-AA41-7AF06FEE4AA0}.Debug|Any CPU.Build.0 = Debug|Any CPU
		{2542F241-58AC-401D-AA41-7AF06FEE4AA0}.Release|Any CPU.ActiveCfg = Release|Any CPU
		{2542F241-58AC-401D-AA41-7AF06FEE4AA0}.Release|Any CPU.Build.0 = Release|Any CPU
		{05CFD4A5-AFE3-474C-A9B4-27BC45AF9943}.Debug|Any CPU.ActiveCfg = Debug|Any CPU
		{05CFD4A5-AFE3-474C-A9B4-27BC45AF9943}.Debug|Any CPU.Build.0 = Debug|Any CPU
		{05CFD4A5-AFE3-474C-A9B4-27BC45AF9943}.Release|Any CPU.ActiveCfg = Release|Any CPU
		{05CFD4A5-AFE3-474C-A9B4-27BC45AF9943}.Release|Any CPU.Build.0 = Release|Any CPU
	EndGlobalSection
	GlobalSection(SolutionProperties) = preSolution
		HideSolutionNode = FALSE
	EndGlobalSection
	GlobalSection(ExtensibilityGlobals) = postSolution
		SolutionGuid = {B62544A6-DA5F-44F3-82BD-90A2C21CA6EB}
	EndGlobalSection
EndGlobal
